{
  "name": "server",
  "version": "1.0.0",
  "lockfileVersion": 1,
  "requires": true,
  "dependencies": {
    "bluebird": {
      "version": "3.5.1",
      "resolved": "https://registry.npmjs.org/bluebird/-/bluebird-3.5.1.tgz",
      "integrity": "sha512-MKiLiV+I1AA596t9w1sQJ8jkiSr5+ZKi0WKrYGUn6d1Fx+Ij4tIj+m2WMQSGczs5jZVxV339chE8iwk6F64wjA=="
    },
    "bson": {
      "version": "1.0.9",
      "resolved": "https://registry.npmjs.org/bson/-/bson-1.0.9.tgz",
      "integrity": "sha512-IQX9/h7WdMBIW/q/++tGd+emQr0XMdeZ6icnT/74Xk9fnabWn+gZgpE+9V+gujL3hhJOoNrnDVY7tWdzc7NUTg=="
    },
    "buffer-shims": {
      "version": "1.0.0",
      "resolved": "https://registry.npmjs.org/buffer-shims/-/buffer-shims-1.0.0.tgz",
      "integrity": "sha1-mXjOMXOIxkmth5MCjDR37wRKi1E="
    },
    "core-util-is": {
      "version": "1.0.2",
      "resolved": "https://registry.npmjs.org/core-util-is/-/core-util-is-1.0.2.tgz",
      "integrity": "sha1-tf1UIgqivFq1eqtxQMlAdUUDwac="
    },
    "csvtojson": {
      "version": "2.0.6",
      "resolved": "https://registry.npmjs.org/csvtojson/-/csvtojson-2.0.6.tgz",
      "integrity": "sha1-deu3cMTm2sgDZORF5wIRFq8ogHM=",
      "requires": {
        "bluebird": "^3.5.1",
        "lodash": "^4.17.3",
        "strip-bom": "^2.0.0"
      }
    },
    "debug": {
      "version": "3.1.0",
      "resolved": "https://registry.npmjs.org/debug/-/debug-3.1.0.tgz",
      "integrity": "sha512-OX8XqP7/1a9cqkxYw2yXss15f26NKWBpDXQd0/uK/KPqdQhxbPa994hnzjcE2VqQpDslf55723cKPUOGSmMY3g==",
      "requires": {
        "ms": "2.0.0"
      }
    },
    "es6-promise": {
      "version": "3.2.1",
      "resolved": "https://registry.npmjs.org/es6-promise/-/es6-promise-3.2.1.tgz",
      "integrity": "sha1-7FYjOGgDKQkgcXDDlEjiREndH8Q="
    },
    "inherits": {
      "version": "2.0.3",
      "resolved": "https://registry.npmjs.org/inherits/-/inherits-2.0.3.tgz",
      "integrity": "sha1-Yzwsg+PaQqUC9SRmAiSA9CCCYd4="
    },
    "is-utf8": {
      "version": "0.2.1",
      "resolved": "https://registry.npmjs.org/is-utf8/-/is-utf8-0.2.1.tgz",
      "integrity": "sha1-Sw2hRCEE0bM2NA6AeX6GXPOffXI="
    },
    "isarray": {
      "version": "1.0.0",
      "resolved": "https://registry.npmjs.org/isarray/-/isarray-1.0.0.tgz",
      "integrity": "sha1-u5NdSFgsuhaMBoNJV6VKPgcSTxE="
    },
    "lodash": {
      "version": "4.17.10",
      "resolved": "https://registry.npmjs.org/lodash/-/lodash-4.17.10.tgz",
      "integrity": "sha512-UejweD1pDoXu+AD825lWwp4ZGtSwgnpZxb3JDViD7StjQz+Nb/6l093lx4OQ0foGWNRoc19mWy7BzL+UAK2iVg=="
    },
    "mongodb": {
      "version": "3.1.1",
      "resolved": "https://registry.npmjs.org/mongodb/-/mongodb-3.1.1.tgz",
      "integrity": "sha512-GU9oWK4pi8PC7NyGiwjFMwZyMqwGWoMEMvM0LZh7UKW/FFAqgmZKjjriD+5MEOCDUJE2dtHX93/K5UtDxO0otg==",
      "requires": {
        "mongodb-core": "3.1.0"
      }
    },
    "mongodb-core": {
      "version": "3.1.0",
      "resolved": "https://registry.npmjs.org/mongodb-core/-/mongodb-core-3.1.0.tgz",
      "integrity": "sha512-qRjG62Fu//CZhkgn0jA/k8jh5MhACIq8cOJUryH6sck87pgt+C222MSD02tsCq5zNo/B6ZFHtNodZ2qpf8E86g==",
      "requires": {
        "bson": "~1.0.4",
        "require_optional": "^1.0.1",
        "saslprep": "^1.0.0"
      }
    },
    "monk": {
      "version": "6.0.6",
      "resolved": "https://registry.npmjs.org/monk/-/monk-6.0.6.tgz",
      "integrity": "sha512-bSuADQGwIxBcRzCzQaMoGmiGl30Dr+0iB1FQAQb3VwWwAKbtpDN2wkVHCjthzw/jXhPHWxTQFUtlSt/nSagojQ==",
      "requires": {
        "debug": "*",
        "mongodb": "^2.1.18",
        "monk-middleware-cast-ids": "^0.2.1",
        "monk-middleware-fields": "^0.2.0",
        "monk-middleware-handle-callback": "^0.2.0",
        "monk-middleware-options": "^0.2.1",
        "monk-middleware-query": "^0.2.0",
        "monk-middleware-wait-for-connection": "^0.2.0",
        "object-assign": "^4.1.1"
      },
      "dependencies": {
        "mongodb": {
          "version": "2.2.35",
          "resolved": "https://registry.npmjs.org/mongodb/-/mongodb-2.2.35.tgz",
          "integrity": "sha512-3HGLucDg/8EeYMin3k+nFWChTA85hcYDCw1lPsWR6yV9A6RgKb24BkLiZ9ySZR+S0nfBjWoIUS7cyV6ceGx5Gg==",
          "requires": {
            "es6-promise": "3.2.1",
            "mongodb-core": "2.1.19",
            "readable-stream": "2.2.7"
          }
        },
        "mongodb-core": {
          "version": "2.1.19",
          "resolved": "https://registry.npmjs.org/mongodb-core/-/mongodb-core-2.1.19.tgz",
          "integrity": "sha512-Jt4AtWUkpuW03kRdYGxga4O65O1UHlFfvvInslEfLlGi+zDMxbBe3J2NVmN9qPJ957Mn6Iz0UpMtV80cmxCVxw==",
          "requires": {
            "bson": "~1.0.4",
            "require_optional": "~1.0.0"
          }
        }
      }
    },
    "monk-middleware-cast-ids": {
      "version": "0.2.1",
      "resolved": "https://registry.npmjs.org/monk-middleware-cast-ids/-/monk-middleware-cast-ids-0.2.1.tgz",
      "integrity": "sha1-QMQOWmyzPM7cKJIglDJ17ohhxSk="
    },
    "monk-middleware-fields": {
      "version": "0.2.0",
      "resolved": "https://registry.npmjs.org/monk-middleware-fields/-/monk-middleware-fields-0.2.0.tgz",
      "integrity": "sha1-/2N6819ZSIecyyvhWpE2CRG+psE="
    },
    "monk-middleware-handle-callback": {
      "version": "0.2.2",
      "resolved": "https://registry.npmjs.org/monk-middleware-handle-callback/-/monk-middleware-handle-callback-0.2.2.tgz",
      "integrity": "sha512-5hBynb7asZ2uw9XVze7C3XH0zXT51yFDvYydk/5HnWWzh2NLglDSiKDcX0yLKPHzFgiq+5Z4Laq5fFVnFsmm8w=="
    },
    "monk-middleware-options": {
      "version": "0.2.1",
      "resolved": "https://registry.npmjs.org/monk-middleware-options/-/monk-middleware-options-0.2.1.tgz",
      "integrity": "sha1-WNrhxRjUZjbr3/UG+t/Hc7tEKIY="
    },
    "monk-middleware-query": {
      "version": "0.2.0",
      "resolved": "https://registry.npmjs.org/monk-middleware-query/-/monk-middleware-query-0.2.0.tgz",
      "integrity": "sha1-qSbGd9SlYgxiFRsKVtDAwVFnWHQ="
    },
    "monk-middleware-wait-for-connection": {
      "version": "0.2.0",
      "resolved": "https://registry.npmjs.org/monk-middleware-wait-for-connection/-/monk-middleware-wait-for-connection-0.2.0.tgz",
      "integrity": "sha1-MSlY0w5Yi1fQl1TdfJe0hDMWg1o="
    },
    "ms": {
      "version": "2.0.0",
      "resolved": "https://registry.npmjs.org/ms/-/ms-2.0.0.tgz",
      "integrity": "sha1-VgiurfwAvmwpAd9fmGF4jeDVl8g="
    },
    "object-assign": {
      "version": "4.1.1",
      "resolved": "https://registry.npmjs.org/object-assign/-/object-assign-4.1.1.tgz",
      "integrity": "sha1-IQmtx5ZYh8/AXLvUQsrIv7s2CGM="
    },
    "process-nextick-args": {
      "version": "1.0.7",
      "resolved": "https://registry.npmjs.org/process-nextick-args/-/process-nextick-args-1.0.7.tgz",
      "integrity": "sha1-FQ4gt1ZZCtP5EJPyWk8q2L/zC6M="
    },
    "readable-stream": {
      "version": "2.2.7",
      "resolved": "https://registry.npmjs.org/readable-stream/-/readable-stream-2.2.7.tgz",
      "integrity": "sha1-BwV6y+JGeyIELTb5jFrVBwVOlbE=",
      "requires": {
        "buffer-shims": "~1.0.0",
        "core-util-is": "~1.0.0",
        "inherits": "~2.0.1",
        "isarray": "~1.0.0",
        "process-nextick-args": "~1.0.6",
        "string_decoder": "~1.0.0",
        "util-deprecate": "~1.0.1"
      }
    },
    "require_optional": {
      "version": "1.0.1",
      "resolved": "https://registry.npmjs.org/require_optional/-/require_optional-1.0.1.tgz",
      "integrity": "sha512-qhM/y57enGWHAe3v/NcwML6a3/vfESLe/sGM2dII+gEO0BpKRUkWZow/tyloNqJyN6kXSl3RyyM8Ll5D/sJP8g==",
      "requires": {
        "resolve-from": "^2.0.0",
        "semver": "^5.1.0"
      }
    },
    "resolve-from": {
      "version": "2.0.0",
      "resolved": "https://registry.npmjs.org/resolve-from/-/resolve-from-2.0.0.tgz",
      "integrity": "sha1-lICrIOlP+h2egKgEx+oUdhGWa1c="
    },
    "safe-buffer": {
      "version": "5.1.2",
      "resolved": "https://registry.npmjs.org/safe-buffer/-/safe-buffer-5.1.2.tgz",
      "integrity": "sha512-Gd2UZBJDkXlY7GbJxfsE8/nvKkUEU1G38c1siN6QP6a9PT9MmHB8GnpscSmMJSoF8LOIrt8ud/wPtojys4G6+g=="
    },
    "saslprep": {
      "version": "1.0.0",
      "resolved": "https://registry.npmjs.org/saslprep/-/saslprep-1.0.0.tgz",
      "integrity": "sha512-5lvKUEQ7lAN5/vPl5d3k8FQeDbEamu9kizfATfLLWV5h6Mkh1xcieR1FSsJkcSRUk49lF2tAW8gzXWVwtwZVhw==",
      "optional": true
    },
    "semver": {
      "version": "5.5.0",
      "resolved": "https://registry.npmjs.org/semver/-/semver-5.5.0.tgz",
      "integrity": "sha512-4SJ3dm0WAwWy/NVeioZh5AntkdJoWKxHxcmyP622fOkgHa4z3R0TdBJICINyaSDE6uNwVc8gZr+ZinwZAH4xIA=="
    },
    "string_decoder": {
      "version": "1.0.3",
      "resolved": "https://registry.npmjs.org/string_decoder/-/string_decoder-1.0.3.tgz",
      "integrity": "sha512-4AH6Z5fzNNBcH+6XDMfA/BTt87skxqJlO0lAh3Dker5zThcAxG6mKz+iGu308UKoPPQ8Dcqx/4JhujzltRa+hQ==",
      "requires": {
        "safe-buffer": "~5.1.0"
      }
    },
    "strip-bom": {
      "version": "2.0.0",
      "resolved": "https://registry.npmjs.org/strip-bom/-/strip-bom-2.0.0.tgz",
      "integrity": "sha1-YhmoVhZSBJHzV4i9vxRHqZx+aw4=",
      "requires": {
        "is-utf8": "^0.2.0"
      }
    },
    "util-deprecate": {
      "version": "1.0.2",
      "resolved": "https://registry.npmjs.org/util-deprecate/-/util-deprecate-1.0.2.tgz",
      "integrity": "sha1-RQ1Nyfpw3nMnYvvS1KKJgUGaDM8="
    }
  }
}
